PODS:
  - FlurrySDK (4.2.4)
  - GoogleAnalytics-iOS-SDK (2.0beta4)
  - NTAnalytics/Flurry (0.14):
    - FlurrySDK
  - NTAnalytics/Google (0.14):
    - GoogleAnalytics-iOS-SDK (~> 2.0beta4)

DEPENDENCIES:
  - NTAnalytics/Flurry (from `~/Projects/NagelTech/NTAnalytics`)
  - NTAnalytics/Google (from `~/Projects/NagelTech/NTAnalytics`)

EXTERNAL SOURCES:
  NTAnalytics:
    :path: ~/Projects/NagelTech/NTAnalytics

SPEC CHECKSUMS:
  FlurrySDK: 2c1e7070d0d76dd597de7b0d09cbbdd4193f1622
  GoogleAnalytics-iOS-SDK: acf0f1ac4dcac408d17e7766454918b7e9e2b03a
  NTAnalytics: ce4289d530bf6b11a8a2d650c4849dd7c673929c

COCOAPODS: 0.26.2
